
Microsoft Visual Studio Solution File, Format Version 12.00
# Visual Studio Version 18
VisualStudioVersion = 18.2.11430.68 d18.0
MinimumVisualStudioVersion = 10.0.40219.1
Project("{FAE04EC0-301F-11D3-BF4B-00C04F79EFBC}") = "UnityServerManager", "UnityServerManager.csproj", "{97FC850C-620F-E6B7-1BBB-E14E0367F225}"
EndProject
Global
	GlobalSection(SolutionConfigurationPlatforms) = preSolution
		Debug|Any CPU = Debug|Any CPU
		Release|Any CPU = Release|Any CPU
	EndGlobalSection
	GlobalSection(ProjectConfigurationPlatforms) = postSolution
		{97FC850C-620F-E6B7-1BBB-E14E0367F225}.Debug|Any CPU.ActiveCfg = Debug|Any CPU
		{97FC850C-620F-E6B7-1BBB-E14E0367F225}.Debug|Any CPU.Build.0 = Debug|Any CPU
		{97FC850C-620F-E6B7-1BBB-E14E0367F225}.Release|Any CPU.ActiveCfg = Release|Any CPU
		{97FC850C-620F-E6B7-1BBB-E14E0367F225}.Release|Any CPU.Build.0 = Release|Any CPU
	EndGlobalSection
	GlobalSection(SolutionProperties) = preSolution
		HideSolutionNode = FALSE
	EndGlobalSection
	GlobalSection(ExtensibilityGlobals) = postSolution
		SolutionGuid = {7616CCFD-FA43-4607-82A1-06BAC54F589B}
	EndGlobalSection
EndGlobal
